
Microsoft Visual Studio Solution File, Format Version 9.00
# Visual Studio 2005
Project("{8BC9CEB8-8B4A-11D0-8D11-00A0C91BC942}") = "DownloadDemon", "DownloadDemon.vcproj", "{4ECB2E12-7444-4A96-B2A1-F5E77071C787}"
EndProject
Global
	GlobalSection(SolutionConfigurationPlatforms) = preSolution
		Debug|Win32 = Debug|Win32
		Release|Win32 = Release|Win32
	EndGlobalSection
	GlobalSection(ProjectConfigurationPlatforms) = postSolution
		{4ECB2E12-7444-4A96-B2A1-F5E77071C787}.Debug|Win32.ActiveCfg = Debug|Win32
		{4ECB2E12-7444-4A96-B2A1-F5E77071C787}.Debug|Win32.Build.0 = Debug|Win32
		{4ECB2E12-7444-4A96-B2A1-F5E77071C787}.Release|Win32.ActiveCfg = Release|Win32
		{4ECB2E12-7444-4A96-B2A1-F5E77071C787}.Release|Win32.Build.0 = Release|Win32
	EndGlobalSection
	GlobalSection(SolutionProperties) = preSolution
		HideSolutionNode = FALSE
	EndGlobalSection
EndGlobal
